
Microsoft Visual Studio Solution File, Format Version 12.00
# Visual Studio 15
VisualStudioVersion = 15.0.27004.2009
MinimumVisualStudioVersion = 10.0.40219.1
Project("{FAE04EC0-301F-11D3-BF4B-00C04F79EFBC}") = "Reflections", "Reflections\Reflections.csproj", "{7B840356-051E-460C-A5FE-A55A38702730}"
EndProject
Global
	GlobalSection(SolutionConfigurationPlatforms) = preSolution
		Debug|Any CPU = Debug|Any CPU
		Release|Any CPU = Release|Any CPU
	EndGlobalSection
	GlobalSection(ProjectConfigurationPlatforms) = postSolution
		{7B840356-051E-460C-A5FE-A55A38702730}.Debug|Any CPU.ActiveCfg = Debug|Any CPU
		{7B840356-051E-460C-A5FE-A55A38702730}.Debug|Any CPU.Build.0 = Debug|Any CPU
		{7B840356-051E-460C-A5FE-A55A38702730}.Release|Any CPU.ActiveCfg = Release|Any CPU
		{7B840356-051E-460C-A5FE-A55A38702730}.Release|Any CPU.Build.0 = Release|Any CPU
	EndGlobalSection
	GlobalSection(SolutionProperties) = preSolution
		HideSolutionNode = FALSE
	EndGlobalSection
	GlobalSection(ExtensibilityGlobals) = postSolution
		SolutionGuid = {59EEDE4C-3D3F-4419-82B1-D49D9C096ED2}
	EndGlobalSection
EndGlobal
